
Microsoft Visual Studio Solution File, Format Version 10.00
# Visual C# Express 2008
Project("{FAE04EC0-301F-11D3-BF4B-00C04F79EFBC}") = "GameObjects", "GameObjects\GameObjects.csproj", "{BB0FAD70-2894-44D2-A6EB-F7FD876B0FDA}"
	ProjectSection(ProjectDependencies) = postProject
		{56DC58D6-46BC-4F4A-A7CF-D3D23EC2A831} = {56DC58D6-46BC-4F4A-A7CF-D3D23EC2A831}
	EndProjectSection
EndProject
Project("{FAE04EC0-301F-11D3-BF4B-00C04F79EFBC}") = "GameGlobal", "GameGlobal\GameGlobal.csproj", "{56DC58D6-46BC-4F4A-A7CF-D3D23EC2A831}"
EndProject
Project("{FAE04EC0-301F-11D3-BF4B-00C04F79EFBC}") = "PluginInterface", "WorldOfTheThreeKingdoms\PluginInterface\PluginInterface.csproj", "{2DA0B513-64BF-4FB8-8775-1C9A5F6C9B21}"
EndProject
Project("{FAE04EC0-301F-11D3-BF4B-00C04F79EFBC}") = "ContextMenuPlugin", "ContextMenuPlugin\ContextMenuPlugin.csproj", "{A20F04A4-5271-4DBA-8B78-916A67D75720}"
EndProject
Project("{FAE04EC0-301F-11D3-BF4B-00C04F79EFBC}") = "MapViewSelectorPlugin", "MapViewSelectorPlugin\MapViewSelectorPlugin.csproj", "{8739D30A-1163-4460-8C88-929088E4D7D4}"
EndProject
Project("{FAE04EC0-301F-11D3-BF4B-00C04F79EFBC}") = "GameFormFramePlugin", "GameFormFramePlugin\GameFormFramePlugin.csproj", "{8246AB8C-A500-4228-A12F-74D16E7AE4E2}"
EndProject
Project("{FAE04EC0-301F-11D3-BF4B-00C04F79EFBC}") = "CreateTroopPlugin", "CreateTroopPlugin\CreateTroopPlugin.csproj", "{FC697DF4-40A3-41C2-9A8C-2A9DAFEA09CB}"
EndProject
Project("{FAE04EC0-301F-11D3-BF4B-00C04F79EFBC}") = "MarshalSectionDialogPlugin", "MarshalSectionDialogPlugin\MarshalSectionDialogPlugin.csproj", "{7DAAF016-1FC0-4C6E-9DD1-986BA243A921}"
EndProject
Project("{FAE04EC0-301F-11D3-BF4B-00C04F79EFBC}") = "WorldOfTheThreeKingdoms", "WorldOfTheThreeKingdoms\WorldOfTheThreeKingdoms.csproj", "{2E2F316D-58E4-4D37-A6D5-2918AF7CBEBB}"
EndProject
Project("{FAE04EC0-301F-11D3-BF4B-00C04F79EFBC}") = "MapEditor", "MapEditor\MapEditor.csproj", "{8A58A0F7-3E6B-460D-9880-0C2CD05ECA11}"
EndProject
Project("{FAE04EC0-301F-11D3-BF4B-00C04F79EFBC}") = "ArchitectureSurveyPlugin", "WorldOfTheThreeKingdoms\ArchitectureSurveyPlugin\ArchitectureSurveyPlugin.csproj", "{87EDCD60-753F-40B6-B922-41804204195F}"
EndProject
Project("{FAE04EC0-301F-11D3-BF4B-00C04F79EFBC}") = "AirViewPlugin", "WorldOfTheThreeKingdoms\AirViewPlugin\AirViewPlugin.csproj", "{F26B7073-978E-4B27-AA27-669D4F01C439}"
EndProject
Project("{FAE04EC0-301F-11D3-BF4B-00C04F79EFBC}") = "MapLayerPlugin", "MapLayerPlugin\MapLayerPlugin.csproj", "{908E38A0-9954-4B37-8BDB-1620C86A7060}"
EndProject
Project("{FAE04EC0-301F-11D3-BF4B-00C04F79EFBC}") = "ScreenBlindPlugin", "ScreenBlindPlugin\ScreenBlindPlugin.csproj", "{E101AC37-B4B2-49F7-A480-023EFCCE3344}"
EndProject
Project("{FAE04EC0-301F-11D3-BF4B-00C04F79EFBC}") = "DateRunnerPlugin", "DateRunnerPlugin\DateRunnerPlugin.csproj", "{4D8E8C5B-8AD6-4A43-90AF-1A91DFA000A3}"
EndProject
Project("{FAE04EC0-301F-11D3-BF4B-00C04F79EFBC}") = "youcelanPlugin", "WorldOfTheThreeKingdoms\youcelanPlugin\youcelanPlugin.csproj", "{7ED92236-247F-410E-BE40-B280E635E6CF}"
EndProject
Project("{FAE04EC0-301F-11D3-BF4B-00C04F79EFBC}") = "tupianwenziPlugin", "tupianwenziPlugin\tupianwenziPlugin.csproj", "{94DD00EF-7247-49A1-95B7-8A157F764DCB}"
EndProject
Project("{FAE04EC0-301F-11D3-BF4B-00C04F79EFBC}") = "GameFreeText", "GameFreeText\GameFreeText.csproj", "{E13A763D-DC5B-447F-AF3F-392343B8875B}"
EndProject
Project("{FAE04EC0-301F-11D3-BF4B-00C04F79EFBC}") = "PluginServices", "WorldOfTheThreeKingdoms\PluginServices\PluginServices.csproj", "{ADC4D535-C7CA-415A-8F0B-81AF3525EBD5}"
EndProject
Project("{FAE04EC0-301F-11D3-BF4B-00C04F79EFBC}") = "ArchitectureDetail", "ArchitectureDetail\ArchitectureDetail.csproj", "{3768FD5D-95AB-426C-8A1C-FD548A1349B1}"
EndProject
Project("{FAE04EC0-301F-11D3-BF4B-00C04F79EFBC}") = "PersonDetailPlugin", "PersonDetailPlugin\PersonDetailPlugin.csproj", "{6CA783B7-709B-4780-9541-36F7737F437E}"
EndProject
Project("{FAE04EC0-301F-11D3-BF4B-00C04F79EFBC}") = "FactionTechniquesPlugin", "FactionTechniquesPlugin\FactionTechniquesPlugin.csproj", "{4C170CFB-2461-4DFC-AF33-75FBEBD85A1C}"
EndProject
Project("{FAE04EC0-301F-11D3-BF4B-00C04F79EFBC}") = "TreasureDetailPlugin", "TreasureDetailPlugin\TreasureDetailPlugin.csproj", "{D1ABA251-A8B8-4856-81D0-8D23A5478904}"
EndProject
Project("{FAE04EC0-301F-11D3-BF4B-00C04F79EFBC}") = "TroopDetailPlugin", "TroopDetailPlugin\TroopDetailPlugin.csproj", "{210F6932-E683-4EB2-B277-400BCE3A1AB0}"
EndProject
Project("{FAE04EC0-301F-11D3-BF4B-00C04F79EFBC}") = "TabListPlugin", "TabListPlugin\TabListPlugin.csproj", "{1ED7E0C3-417B-40F0-9950-63886C62E66C}"
EndProject
Project("{FAE04EC0-301F-11D3-BF4B-00C04F79EFBC}") = "ConfirmationDialogPlugin", "ConfirmationDialogPlugin\ConfirmationDialogPlugin.csproj", "{9A927AAF-2A2E-4AA6-B29B-3A2AE3FFBC57}"
EndProject
Project("{FAE04EC0-301F-11D3-BF4B-00C04F79EFBC}") = "CommentTextPlugin", "ConmentTextPlugin\CommentTextPlugin.csproj", "{3581EBAE-3767-401F-B63B-B8C6B05DD979}"
EndProject
Project("{FAE04EC0-301F-11D3-BF4B-00C04F79EFBC}") = "GameRecordPlugin", "GameRecordPlugin\GameRecordPlugin.csproj", "{B50E06F2-86DB-4FB2-B8E5-E477AC119D2A}"
EndProject
Project("{FAE04EC0-301F-11D3-BF4B-00C04F79EFBC}") = "GameSystemPlugin", "GameSystemPlugin\GameSystemPlugin.csproj", "{F5221439-FC08-46D5-BB9C-0119059305A8}"
EndProject
Project("{FAE04EC0-301F-11D3-BF4B-00C04F79EFBC}") = "HelpPlugin", "HelpPlugin\HelpPlugin.csproj", "{16A1030F-28F8-45CD-AAF3-20145D1F74DF}"
EndProject
Project("{FAE04EC0-301F-11D3-BF4B-00C04F79EFBC}") = "NumberInputerPlugin", "NumberInputerPlugin\NumberInputerPlugin.csproj", "{47649F12-2D03-473E-BB5C-28EF491543E5}"
EndProject
Project("{FAE04EC0-301F-11D3-BF4B-00C04F79EFBC}") = "OptionDialogPlugin", "OptionDialogPlugin\OptionDialogPlugin.csproj", "{82569CBF-6A70-4999-8B2C-B274E8DBCED7}"
EndProject
Project("{FAE04EC0-301F-11D3-BF4B-00C04F79EFBC}") = "PersonBubble", "PersonBubble\PersonBubble.csproj", "{6DAF0C8C-D082-4001-B329-7E41E8D6E073}"
EndProject
Project("{FAE04EC0-301F-11D3-BF4B-00C04F79EFBC}") = "PersonPortraitPlugin", "PersonPortraitPlugin\PersonPortraitPlugin.csproj", "{AFA1D09A-FC47-43EF-A6D3-AAE6C939C27D}"
EndProject
Project("{FAE04EC0-301F-11D3-BF4B-00C04F79EFBC}") = "RoutewayEditorPlugin", "RoutewayEditorPlugin\RoutewayEditorPlugin.csproj", "{9A4F6074-0B7D-4AC2-B0A4-6101D4CC131A}"
EndProject
Project("{FAE04EC0-301F-11D3-BF4B-00C04F79EFBC}") = "SimpleTextDialogPlugin", "SimpleTextDialogPlugin\SimpleTextDialogPlugin.csproj", "{7B551D6E-EF58-41AC-B349-5763C89C2A85}"
EndProject
Project("{FAE04EC0-301F-11D3-BF4B-00C04F79EFBC}") = "ToolBarPlugin", "ToolBarPlugin\ToolBarPlugin.csproj", "{1437D7DB-44C4-4679-A518-AF4E13E939B3}"
EndProject
Project("{FAE04EC0-301F-11D3-BF4B-00C04F79EFBC}") = "TransportDialogPlugin", "TransportDialogPlugin\TransportDialogPlugin.csproj", "{DA4E77EC-E3B8-49F7-BDA7-3F66EC839349}"
EndProject
Project("{FAE04EC0-301F-11D3-BF4B-00C04F79EFBC}") = "TroopSurveyPlugin", "TroopSurveyPlugin\TroopSurveyPlugin.csproj", "{AEABD0D2-C120-4504-BF79-CBDB499869BC}"
EndProject
Project("{FAE04EC0-301F-11D3-BF4B-00C04F79EFBC}") = "TroopTitlePlugin", "TroopTitlePlugin\TroopTitlePlugin.csproj", "{66F77770-D1F2-4977-B57B-969502197E20}"
EndProject
Project("{FAE04EC0-301F-11D3-BF4B-00C04F79EFBC}") = "BianduiLiebiaoChajian", "WorldOfTheThreeKingdoms\BianduiLiebiaoChajian\BianduiLiebiaoChajian.csproj", "{12624107-8B70-46F7-8D1B-102874E42A4E}"
EndProject
Project("{FAE04EC0-301F-11D3-BF4B-00C04F79EFBC}") = "ScenarioGenerator", "ScenarioGenerator\ScenarioGenerator.csproj", "{B3F6DEED-88DB-4A1E-8653-EC325C6AD725}"
EndProject
Global
	GlobalSection(SolutionConfigurationPlatforms) = preSolution
		Debug|Any CPU = Debug|Any CPU
		Debug|Mixed Platforms = Debug|Mixed Platforms
		Debug|x86 = Debug|x86
		Release|Any CPU = Release|Any CPU
		Release|Mixed Platforms = Release|Mixed Platforms
		Release|x86 = Release|x86
	EndGlobalSection
	GlobalSection(ProjectConfigurationPlatforms) = postSolution
		{BB0FAD70-2894-44D2-A6EB-F7FD876B0FDA}.Debug|Any CPU.ActiveCfg = Debug|x86
		{BB0FAD70-2894-44D2-A6EB-F7FD876B0FDA}.Debug|Mixed Platforms.ActiveCfg = Debug|x86
		{BB0FAD70-2894-44D2-A6EB-F7FD876B0FDA}.Debug|Mixed Platforms.Build.0 = Debug|x86
		{BB0FAD70-2894-44D2-A6EB-F7FD876B0FDA}.Debug|x86.ActiveCfg = Debug|x86
		{BB0FAD70-2894-44D2-A6EB-F7FD876B0FDA}.Debug|x86.Build.0 = Debug|x86
		{BB0FAD70-2894-44D2-A6EB-F7FD876B0FDA}.Release|Any CPU.ActiveCfg = Release|x86
		{BB0FAD70-2894-44D2-A6EB-F7FD876B0FDA}.Release|Mixed Platforms.ActiveCfg = Release|x86
		{BB0FAD70-2894-44D2-A6EB-F7FD876B0FDA}.Release|Mixed Platforms.Build.0 = Release|x86
		{BB0FAD70-2894-44D2-A6EB-F7FD876B0FDA}.Release|x86.ActiveCfg = Release|x86
		{BB0FAD70-2894-44D2-A6EB-F7FD876B0FDA}.Release|x86.Build.0 = Release|x86
		{56DC58D6-46BC-4F4A-A7CF-D3D23EC2A831}.Debug|Any CPU.ActiveCfg = Debug|x86
		{56DC58D6-46BC-4F4A-A7CF-D3D23EC2A831}.Debug|Mixed Platforms.ActiveCfg = Debug|x86
		{56DC58D6-46BC-4F4A-A7CF-D3D23EC2A831}.Debug|Mixed Platforms.Build.0 = Debug|x86
		{56DC58D6-46BC-4F4A-A7CF-D3D23EC2A831}.Debug|x86.ActiveCfg = Debug|x86
		{56DC58D6-46BC-4F4A-A7CF-D3D23EC2A831}.Debug|x86.Build.0 = Debug|x86
		{56DC58D6-46BC-4F4A-A7CF-D3D23EC2A831}.Release|Any CPU.ActiveCfg = Release|x86
		{56DC58D6-46BC-4F4A-A7CF-D3D23EC2A831}.Release|Mixed Platforms.ActiveCfg = Release|x86
		{56DC58D6-46BC-4F4A-A7CF-D3D23EC2A831}.Release|Mixed Platforms.Build.0 = Release|x86
		{56DC58D6-46BC-4F4A-A7CF-D3D23EC2A831}.Release|x86.ActiveCfg = Release|x86
		{56DC58D6-46BC-4F4A-A7CF-D3D23EC2A831}.Release|x86.Build.0 = Release|x86
		{2DA0B513-64BF-4FB8-8775-1C9A5F6C9B21}.Debug|Any CPU.ActiveCfg = Debug|x86
		{2DA0B513-64BF-4FB8-8775-1C9A5F6C9B21}.Debug|Mixed Platforms.ActiveCfg = Debug|x86
		{2DA0B513-64BF-4FB8-8775-1C9A5F6C9B21}.Debug|Mixed Platforms.Build.0 = Debug|x86
		{2DA0B513-64BF-4FB8-8775-1C9A5F6C9B21}.Debug|x86.ActiveCfg = Debug|x86
		{2DA0B513-64BF-4FB8-8775-1C9A5F6C9B21}.Debug|x86.Build.0 = Debug|x86
		{2DA0B513-64BF-4FB8-8775-1C9A5F6C9B21}.Release|Any CPU.ActiveCfg = Release|x86
		{2DA0B513-64BF-4FB8-8775-1C9A5F6C9B21}.Release|Mixed Platforms.ActiveCfg = Release|x86
		{2DA0B513-64BF-4FB8-8775-1C9A5F6C9B21}.Release|Mixed Platforms.Build.0 = Release|x86
		{2DA0B513-64BF-4FB8-8775-1C9A5F6C9B21}.Release|x86.ActiveCfg = Release|x86
		{2DA0B513-64BF-4FB8-8775-1C9A5F6C9B21}.Release|x86.Build.0 = Release|x86
		{A20F04A4-5271-4DBA-8B78-916A67D75720}.Debug|Any CPU.ActiveCfg = Debug|x86
		{A20F04A4-5271-4DBA-8B78-916A67D75720}.Debug|Mixed Platforms.ActiveCfg = Debug|x86
		{A20F04A4-5271-4DBA-8B78-916A67D75720}.Debug|Mixed Platforms.Build.0 = Debug|x86
		{A20F04A4-5271-4DBA-8B78-916A67D75720}.Debug|x86.ActiveCfg = Debug|x86
		{A20F04A4-5271-4DBA-8B78-916A67D75720}.Debug|x86.Build.0 = Debug|x86
		{A20F04A4-5271-4DBA-8B78-916A67D75720}.Release|Any CPU.ActiveCfg = Release|x86
		{A20F04A4-5271-4DBA-8B78-916A67D75720}.Release|Mixed Platforms.ActiveCfg = Release|x86
		{A20F04A4-5271-4DBA-8B78-916A67D75720}.Release|Mixed Platforms.Build.0 = Release|x86
		{A20F04A4-5271-4DBA-8B78-916A67D75720}.Release|x86.ActiveCfg = Release|x86
		{A20F04A4-5271-4DBA-8B78-916A67D75720}.Release|x86.Build.0 = Release|x86
		{8739D30A-1163-4460-8C88-929088E4D7D4}.Debug|Any CPU.ActiveCfg = Debug|x86
		{8739D30A-1163-4460-8C88-929088E4D7D4}.Debug|Mixed Platforms.ActiveCfg = Debug|x86
		{8739D30A-1163-4460-8C88-929088E4D7D4}.Debug|Mixed Platforms.Build.0 = Debug|x86
		{8739D30A-1163-4460-8C88-929088E4D7D4}.Debug|x86.ActiveCfg = Debug|x86
		{8739D30A-1163-4460-8C88-929088E4D7D4}.Debug|x86.Build.0 = Debug|x86
		{8739D30A-1163-4460-8C88-929088E4D7D4}.Release|Any CPU.ActiveCfg = Release|x86
		{8739D30A-1163-4460-8C88-929088E4D7D4}.Release|Mixed Platforms.ActiveCfg = Release|x86
		{8739D30A-1163-4460-8C88-929088E4D7D4}.Release|Mixed Platforms.Build.0 = Release|x86
		{8739D30A-1163-4460-8C88-929088E4D7D4}.Release|x86.ActiveCfg = Release|x86
		{8739D30A-1163-4460-8C88-929088E4D7D4}.Release|x86.Build.0 = Release|x86
		{8246AB8C-A500-4228-A12F-74D16E7AE4E2}.Debug|Any CPU.ActiveCfg = Debug|x86
		{8246AB8C-A500-4228-A12F-74D16E7AE4E2}.Debug|Mixed Platforms.ActiveCfg = Debug|x86
		{8246AB8C-A500-4228-A12F-74D16E7AE4E2}.Debug|Mixed Platforms.Build.0 = Debug|x86
		{8246AB8C-A500-4228-A12F-74D16E7AE4E2}.Debug|x86.ActiveCfg = Debug|x86
		{8246AB8C-A500-4228-A12F-74D16E7AE4E2}.Debug|x86.Build.0 = Debug|x86
		{8246AB8C-A500-4228-A12F-74D16E7AE4E2}.Release|Any CPU.ActiveCfg = Release|x86
		{8246AB8C-A500-4228-A12F-74D16E7AE4E2}.Release|Mixed Platforms.ActiveCfg = Release|x86
		{8246AB8C-A500-4228-A12F-74D16E7AE4E2}.Release|Mixed Platforms.Build.0 = Release|x86
		{8246AB8C-A500-4228-A12F-74D16E7AE4E2}.Release|x86.ActiveCfg = Release|x86
		{8246AB8C-A500-4228-A12F-74D16E7AE4E2}.Release|x86.Build.0 = Release|x86
		{FC697DF4-40A3-41C2-9A8C-2A9DAFEA09CB}.Debug|Any CPU.ActiveCfg = Debug|x86
		{FC697DF4-40A3-41C2-9A8C-2A9DAFEA09CB}.Debug|Mixed Platforms.ActiveCfg = Debug|x86
		{FC697DF4-40A3-41C2-9A8C-2A9DAFEA09CB}.Debug|Mixed Platforms.Build.0 = Debug|x86
		{FC697DF4-40A3-41C2-9A8C-2A9DAFEA09CB}.Debug|x86.ActiveCfg = Debug|x86
		{FC697DF4-40A3-41C2-9A8C-2A9DAFEA09CB}.Debug|x86.Build.0 = Debug|x86
		{FC697DF4-40A3-41C2-9A8C-2A9DAFEA09CB}.Release|Any CPU.ActiveCfg = Release|x86
		{FC697DF4-40A3-41C2-9A8C-2A9DAFEA09CB}.Release|Mixed Platforms.ActiveCfg = Release|x86
		{FC697DF4-40A3-41C2-9A8C-2A9DAFEA09CB}.Release|Mixed Platforms.Build.0 = Release|x86
		{FC697DF4-40A3-41C2-9A8C-2A9DAFEA09CB}.Release|x86.ActiveCfg = Release|x86
		{FC697DF4-40A3-41C2-9A8C-2A9DAFEA09CB}.Release|x86.Build.0 = Release|x86
		{7DAAF016-1FC0-4C6E-9DD1-986BA243A921}.Debug|Any CPU.ActiveCfg = Debug|x86
		{7DAAF016-1FC0-4C6E-9DD1-986BA243A921}.Debug|Mixed Platforms.ActiveCfg = Debug|x86
		{7DAAF016-1FC0-4C6E-9DD1-986BA243A921}.Debug|Mixed Platforms.Build.0 = Debug|x86
		{7DAAF016-1FC0-4C6E-9DD1-986BA243A921}.Debug|x86.ActiveCfg = Debug|x86
		{7DAAF016-1FC0-4C6E-9DD1-986BA243A921}.Debug|x86.Build.0 = Debug|x86
		{7DAAF016-1FC0-4C6E-9DD1-986BA243A921}.Release|Any CPU.ActiveCfg = Release|x86
		{7DAAF016-1FC0-4C6E-9DD1-986BA243A921}.Release|Mixed Platforms.ActiveCfg = Release|x86
		{7DAAF016-1FC0-4C6E-9DD1-986BA243A921}.Release|Mixed Platforms.Build.0 = Release|x86
		{7DAAF016-1FC0-4C6E-9DD1-986BA243A921}.Release|x86.ActiveCfg = Release|x86
		{7DAAF016-1FC0-4C6E-9DD1-986BA243A921}.Release|x86.Build.0 = Release|x86
		{2E2F316D-58E4-4D37-A6D5-2918AF7CBEBB}.Debug|Any CPU.ActiveCfg = Debug|x86
		{2E2F316D-58E4-4D37-A6D5-2918AF7CBEBB}.Debug|Mixed Platforms.ActiveCfg = Debug|x86
		{2E2F316D-58E4-4D37-A6D5-2918AF7CBEBB}.Debug|Mixed Platforms.Build.0 = Debug|x86
		{2E2F316D-58E4-4D37-A6D5-2918AF7CBEBB}.Debug|x86.ActiveCfg = Debug|x86
		{2E2F316D-58E4-4D37-A6D5-2918AF7CBEBB}.Debug|x86.Build.0 = Debug|x86
		{2E2F316D-58E4-4D37-A6D5-2918AF7CBEBB}.Release|Any CPU.ActiveCfg = Release|x86
		{2E2F316D-58E4-4D37-A6D5-2918AF7CBEBB}.Release|Mixed Platforms.ActiveCfg = Release|x86
		{2E2F316D-58E4-4D37-A6D5-2918AF7CBEBB}.Release|Mixed Platforms.Build.0 = Release|x86
		{2E2F316D-58E4-4D37-A6D5-2918AF7CBEBB}.Release|x86.ActiveCfg = Release|x86
		{2E2F316D-58E4-4D37-A6D5-2918AF7CBEBB}.Release|x86.Build.0 = Release|x86
		{8A58A0F7-3E6B-460D-9880-0C2CD05ECA11}.Debug|Any CPU.ActiveCfg = Debug|x86
		{8A58A0F7-3E6B-460D-9880-0C2CD05ECA11}.Debug|Mixed Platforms.ActiveCfg = Debug|x86
		{8A58A0F7-3E6B-460D-9880-0C2CD05ECA11}.Debug|Mixed Platforms.Build.0 = Debug|x86
		{8A58A0F7-3E6B-460D-9880-0C2CD05ECA11}.Debug|x86.ActiveCfg = Debug|x86
		{8A58A0F7-3E6B-460D-9880-0C2CD05ECA11}.Debug|x86.Build.0 = Debug|x86
		{8A58A0F7-3E6B-460D-9880-0C2CD05ECA11}.Release|Any CPU.ActiveCfg = Release|x86
		{8A58A0F7-3E6B-460D-9880-0C2CD05ECA11}.Release|Mixed Platforms.ActiveCfg = Release|x86
		{8A58A0F7-3E6B-460D-9880-0C2CD05ECA11}.Release|Mixed Platforms.Build.0 = Release|x86
		{8A58A0F7-3E6B-460D-9880-0C2CD05ECA11}.Release|x86.ActiveCfg = Release|x86
		{8A58A0F7-3E6B-460D-9880-0C2CD05ECA11}.Release|x86.Build.0 = Release|x86
		{87EDCD60-753F-40B6-B922-41804204195F}.Debug|Any CPU.ActiveCfg = Debug|x86
		{87EDCD60-753F-40B6-B922-41804204195F}.Debug|Mixed Platforms.ActiveCfg = Debug|x86
		{87EDCD60-753F-40B6-B922-41804204195F}.Debug|Mixed Platforms.Build.0 = Debug|x86
		{87EDCD60-753F-40B6-B922-41804204195F}.Debug|x86.ActiveCfg = Debug|x86
		{87EDCD60-753F-40B6-B922-41804204195F}.Debug|x86.Build.0 = Debug|x86
		{87EDCD60-753F-40B6-B922-41804204195F}.Release|Any CPU.ActiveCfg = Release|x86
		{87EDCD60-753F-40B6-B922-41804204195F}.Release|Mixed Platforms.ActiveCfg = Release|x86
		{87EDCD60-753F-40B6-B922-41804204195F}.Release|Mixed Platforms.Build.0 = Release|x86
		{87EDCD60-753F-40B6-B922-41804204195F}.Release|x86.ActiveCfg = Release|x86
		{87EDCD60-753F-40B6-B922-41804204195F}.Release|x86.Build.0 = Release|x86
		{F26B7073-978E-4B27-AA27-669D4F01C439}.Debug|Any CPU.ActiveCfg = Debug|x86
		{F26B7073-978E-4B27-AA27-669D4F01C439}.Debug|Mixed Platforms.ActiveCfg = Debug|x86
		{F26B7073-978E-4B27-AA27-669D4F01C439}.Debug|Mixed Platforms.Build.0 = Debug|x86
		{F26B7073-978E-4B27-AA27-669D4F01C439}.Debug|x86.ActiveCfg = Debug|x86
		{F26B7073-978E-4B27-AA27-669D4F01C439}.Debug|x86.Build.0 = Debug|x86
		{F26B7073-978E-4B27-AA27-669D4F01C439}.Release|Any CPU.ActiveCfg = Release|x86
		{F26B7073-978E-4B27-AA27-669D4F01C439}.Release|Mixed Platforms.ActiveCfg = Release|x86
		{F26B7073-978E-4B27-AA27-669D4F01C439}.Release|Mixed Platforms.Build.0 = Release|x86
		{F26B7073-978E-4B27-AA27-669D4F01C439}.Release|x86.ActiveCfg = Release|x86
		{F26B7073-978E-4B27-AA27-669D4F01C439}.Release|x86.Build.0 = Release|x86
		{908E38A0-9954-4B37-8BDB-1620C86A7060}.Debug|Any CPU.ActiveCfg = Debug|x86
		{908E38A0-9954-4B37-8BDB-1620C86A7060}.Debug|Mixed Platforms.ActiveCfg = Debug|x86
		{908E38A0-9954-4B37-8BDB-1620C86A7060}.Debug|Mixed Platforms.Build.0 = Debug|x86
		{908E38A0-9954-4B37-8BDB-1620C86A7060}.Debug|x86.ActiveCfg = Debug|x86
		{908E38A0-9954-4B37-8BDB-1620C86A7060}.Debug|x86.Build.0 = Debug|x86
		{908E38A0-9954-4B37-8BDB-1620C86A7060}.Release|Any CPU.ActiveCfg = Release|x86
		{908E38A0-9954-4B37-8BDB-1620C86A7060}.Release|Mixed Platforms.ActiveCfg = Release|x86
		{908E38A0-9954-4B37-8BDB-1620C86A7060}.Release|Mixed Platforms.Build.0 = Release|x86
		{908E38A0-9954-4B37-8BDB-1620C86A7060}.Release|x86.ActiveCfg = Release|x86
		{908E38A0-9954-4B37-8BDB-1620C86A7060}.Release|x86.Build.0 = Release|x86
		{E101AC37-B4B2-49F7-A480-023EFCCE3344}.Debug|Any CPU.ActiveCfg = Debug|x86
		{E101AC37-B4B2-49F7-A480-023EFCCE3344}.Debug|Mixed Platforms.ActiveCfg = Debug|x86
		{E101AC37-B4B2-49F7-A480-023EFCCE3344}.Debug|Mixed Platforms.Build.0 = Debug|x86
		{E101AC37-B4B2-49F7-A480-023EFCCE3344}.Debug|x86.ActiveCfg = Debug|x86
		{E101AC37-B4B2-49F7-A480-023EFCCE3344}.Debug|x86.Build.0 = Debug|x86
		{E101AC37-B4B2-49F7-A480-023EFCCE3344}.Release|Any CPU.ActiveCfg = Release|x86
		{E101AC37-B4B2-49F7-A480-023EFCCE3344}.Release|Mixed Platforms.ActiveCfg = Release|x86
		{E101AC37-B4B2-49F7-A480-023EFCCE3344}.Release|Mixed Platforms.Build.0 = Release|x86
		{E101AC37-B4B2-49F7-A480-023EFCCE3344}.Release|x86.ActiveCfg = Release|x86
		{E101AC37-B4B2-49F7-A480-023EFCCE3344}.Release|x86.Build.0 = Release|x86
		{4D8E8C5B-8AD6-4A43-90AF-1A91DFA000A3}.Debug|Any CPU.ActiveCfg = Debug|x86
		{4D8E8C5B-8AD6-4A43-90AF-1A91DFA000A3}.Debug|Mixed Platforms.ActiveCfg = Debug|x86
		{4D8E8C5B-8AD6-4A43-90AF-1A91DFA000A3}.Debug|Mixed Platforms.Build.0 = Debug|x86
		{4D8E8C5B-8AD6-4A43-90AF-1A91DFA000A3}.Debug|x86.ActiveCfg = Debug|x86
		{4D8E8C5B-8AD6-4A43-90AF-1A91DFA000A3}.Debug|x86.Build.0 = Debug|x86
		{4D8E8C5B-8AD6-4A43-90AF-1A91DFA000A3}.Release|Any CPU.ActiveCfg = Release|x86
		{4D8E8C5B-8AD6-4A43-90AF-1A91DFA000A3}.Release|Mixed Platforms.ActiveCfg = Release|x86
		{4D8E8C5B-8AD6-4A43-90AF-1A91DFA000A3}.Release|Mixed Platforms.Build.0 = Release|x86
		{4D8E8C5B-8AD6-4A43-90AF-1A91DFA000A3}.Release|x86.ActiveCfg = Release|x86
		{4D8E8C5B-8AD6-4A43-90AF-1A91DFA000A3}.Release|x86.Build.0 = Release|x86
		{7ED92236-247F-410E-BE40-B280E635E6CF}.Debug|Any CPU.ActiveCfg = Debug|x86
		{7ED92236-247F-410E-BE40-B280E635E6CF}.Debug|Mixed Platforms.ActiveCfg = Debug|x86
		{7ED92236-247F-410E-BE40-B280E635E6CF}.Debug|Mixed Platforms.Build.0 = Debug|x86
		{7ED92236-247F-410E-BE40-B280E635E6CF}.Debug|x86.ActiveCfg = Debug|x86
		{7ED92236-247F-410E-BE40-B280E635E6CF}.Debug|x86.Build.0 = Debug|x86
		{7ED92236-247F-410E-BE40-B280E635E6CF}.Release|Any CPU.ActiveCfg = Release|x86
		{7ED92236-247F-410E-BE40-B280E635E6CF}.Release|Mixed Platforms.ActiveCfg = Release|x86
		{7ED92236-247F-410E-BE40-B280E635E6CF}.Release|Mixed Platforms.Build.0 = Release|x86
		{7ED92236-247F-410E-BE40-B280E635E6CF}.Release|x86.ActiveCfg = Release|x86
		{7ED92236-247F-410E-BE40-B280E635E6CF}.Release|x86.Build.0 = Release|x86
		{94DD00EF-7247-49A1-95B7-8A157F764DCB}.Debug|Any CPU.ActiveCfg = Debug|x86
		{94DD00EF-7247-49A1-95B7-8A157F764DCB}.Debug|Mixed Platforms.ActiveCfg = Debug|x86
		{94DD00EF-7247-49A1-95B7-8A157F764DCB}.Debug|Mixed Platforms.Build.0 = Debug|x86
		{94DD00EF-7247-49A1-95B7-8A157F764DCB}.Debug|x86.ActiveCfg = Debug|x86
		{94DD00EF-7247-49A1-95B7-8A157F764DCB}.Debug|x86.Build.0 = Debug|x86
		{94DD00EF-7247-49A1-95B7-8A157F764DCB}.Release|Any CPU.ActiveCfg = Release|x86
		{94DD00EF-7247-49A1-95B7-8A157F764DCB}.Release|Mixed Platforms.ActiveCfg = Release|x86
		{94DD00EF-7247-49A1-95B7-8A157F764DCB}.Release|Mixed Platforms.Build.0 = Release|x86
		{94DD00EF-7247-49A1-95B7-8A157F764DCB}.Release|x86.ActiveCfg = Release|x86
		{94DD00EF-7247-49A1-95B7-8A157F764DCB}.Release|x86.Build.0 = Release|x86
		{E13A763D-DC5B-447F-AF3F-392343B8875B}.Debug|Any CPU.ActiveCfg = Debug|x86
		{E13A763D-DC5B-447F-AF3F-392343B8875B}.Debug|Mixed Platforms.ActiveCfg = Debug|x86
		{E13A763D-DC5B-447F-AF3F-392343B8875B}.Debug|Mixed Platforms.Build.0 = Debug|x86
		{E13A763D-DC5B-447F-AF3F-392343B8875B}.Debug|x86.ActiveCfg = Debug|x86
		{E13A763D-DC5B-447F-AF3F-392343B8875B}.Debug|x86.Build.0 = Debug|x86
		{E13A763D-DC5B-447F-AF3F-392343B8875B}.Release|Any CPU.ActiveCfg = Release|x86
		{E13A763D-DC5B-447F-AF3F-392343B8875B}.Release|Mixed Platforms.ActiveCfg = Release|x86
		{E13A763D-DC5B-447F-AF3F-392343B8875B}.Release|Mixed Platforms.Build.0 = Release|x86
		{E13A763D-DC5B-447F-AF3F-392343B8875B}.Release|x86.ActiveCfg = Release|x86
		{E13A763D-DC5B-447F-AF3F-392343B8875B}.Release|x86.Build.0 = Release|x86
		{ADC4D535-C7CA-415A-8F0B-81AF3525EBD5}.Debug|Any CPU.ActiveCfg = Debug|x86
		{ADC4D535-C7CA-415A-8F0B-81AF3525EBD5}.Debug|Mixed Platforms.ActiveCfg = Debug|x86
		{ADC4D535-C7CA-415A-8F0B-81AF3525EBD5}.Debug|Mixed Platforms.Build.0 = Debug|x86
		{ADC4D535-C7CA-415A-8F0B-81AF3525EBD5}.Debug|x86.ActiveCfg = Debug|x86
		{ADC4D535-C7CA-415A-8F0B-81AF3525EBD5}.Debug|x86.Build.0 = Debug|x86
		{ADC4D535-C7CA-415A-8F0B-81AF3525EBD5}.Release|Any CPU.ActiveCfg = Release|x86
		{ADC4D535-C7CA-415A-8F0B-81AF3525EBD5}.Release|Mixed Platforms.ActiveCfg = Release|x86
		{ADC4D535-C7CA-415A-8F0B-81AF3525EBD5}.Release|Mixed Platforms.Build.0 = Release|x86
		{ADC4D535-C7CA-415A-8F0B-81AF3525EBD5}.Release|x86.ActiveCfg = Release|x86
		{ADC4D535-C7CA-415A-8F0B-81AF3525EBD5}.Release|x86.Build.0 = Release|x86
		{3768FD5D-95AB-426C-8A1C-FD548A1349B1}.Debug|Any CPU.ActiveCfg = Debug|x86
		{3768FD5D-95AB-426C-8A1C-FD548A1349B1}.Debug|Mixed Platforms.ActiveCfg = Debug|x86
		{3768FD5D-95AB-426C-8A1C-FD548A1349B1}.Debug|Mixed Platforms.Build.0 = Debug|x86
		{3768FD5D-95AB-426C-8A1C-FD548A1349B1}.Debug|x86.ActiveCfg = Debug|x86
		{3768FD5D-95AB-426C-8A1C-FD548A1349B1}.Debug|x86.Build.0 = Debug|x86
		{3768FD5D-95AB-426C-8A1C-FD548A1349B1}.Release|Any CPU.ActiveCfg = Release|x86
		{3768FD5D-95AB-426C-8A1C-FD548A1349B1}.Release|Mixed Platforms.ActiveCfg = Release|x86
		{3768FD5D-95AB-426C-8A1C-FD548A1349B1}.Release|Mixed Platforms.Build.0 = Release|x86
		{3768FD5D-95AB-426C-8A1C-FD548A1349B1}.Release|x86.ActiveCfg = Release|x86
		{3768FD5D-95AB-426C-8A1C-FD548A1349B1}.Release|x86.Build.0 = Release|x86
		{6CA783B7-709B-4780-9541-36F7737F437E}.Debug|Any CPU.ActiveCfg = Debug|x86
		{6CA783B7-709B-4780-9541-36F7737F437E}.Debug|Mixed Platforms.ActiveCfg = Debug|x86
		{6CA783B7-709B-4780-9541-36F7737F437E}.Debug|Mixed Platforms.Build.0 = Debug|x86
		{6CA783B7-709B-4780-9541-36F7737F437E}.Debug|x86.ActiveCfg = Debug|x86
		{6CA783B7-709B-4780-9541-36F7737F437E}.Debug|x86.Build.0 = Debug|x86
		{6CA783B7-709B-4780-9541-36F7737F437E}.Release|Any CPU.ActiveCfg = Release|x86
		{6CA783B7-709B-4780-9541-36F7737F437E}.Release|Mixed Platforms.ActiveCfg = Release|x86
		{6CA783B7-709B-4780-9541-36F7737F437E}.Release|Mixed Platforms.Build.0 = Release|x86
		{6CA783B7-709B-4780-9541-36F7737F437E}.Release|x86.ActiveCfg = Release|x86
		{6CA783B7-709B-4780-9541-36F7737F437E}.Release|x86.Build.0 = Release|x86
		{4C170CFB-2461-4DFC-AF33-75FBEBD85A1C}.Debug|Any CPU.ActiveCfg = Debug|x86
		{4C170CFB-2461-4DFC-AF33-75FBEBD85A1C}.Debug|Mixed Platforms.ActiveCfg = Debug|x86
		{4C170CFB-2461-4DFC-AF33-75FBEBD85A1C}.Debug|Mixed Platforms.Build.0 = Debug|x86
		{4C170CFB-2461-4DFC-AF33-75FBEBD85A1C}.Debug|x86.ActiveCfg = Debug|x86
		{4C170CFB-2461-4DFC-AF33-75FBEBD85A1C}.Debug|x86.Build.0 = Debug|x86
		{4C170CFB-2461-4DFC-AF33-75FBEBD85A1C}.Release|Any CPU.ActiveCfg = Release|x86
		{4C170CFB-2461-4DFC-AF33-75FBEBD85A1C}.Release|Mixed Platforms.ActiveCfg = Release|x86
		{4C170CFB-2461-4DFC-AF33-75FBEBD85A1C}.Release|Mixed Platforms.Build.0 = Release|x86
		{4C170CFB-2461-4DFC-AF33-75FBEBD85A1C}.Release|x86.ActiveCfg = Release|x86
		{4C170CFB-2461-4DFC-AF33-75FBEBD85A1C}.Release|x86.Build.0 = Release|x86
		{D1ABA251-A8B8-4856-81D0-8D23A5478904}.Debug|Any CPU.ActiveCfg = Debug|x86
		{D1ABA251-A8B8-4856-81D0-8D23A5478904}.Debug|Mixed Platforms.ActiveCfg = Debug|x86
		{D1ABA251-A8B8-4856-81D0-8D23A5478904}.Debug|Mixed Platforms.Build.0 = Debug|x86
		{D1ABA251-A8B8-4856-81D0-8D23A5478904}.Debug|x86.ActiveCfg = Debug|x86
		{D1ABA251-A8B8-4856-81D0-8D23A5478904}.Debug|x86.Build.0 = Debug|x86
		{D1ABA251-A8B8-4856-81D0-8D23A5478904}.Release|Any CPU.ActiveCfg = Release|x86
		{D1ABA251-A8B8-4856-81D0-8D23A5478904}.Release|Mixed Platforms.ActiveCfg = Release|x86
		{D1ABA251-A8B8-4856-81D0-8D23A5478904}.Release|Mixed Platforms.Build.0 = Release|x86
		{D1ABA251-A8B8-4856-81D0-8D23A5478904}.Release|x86.ActiveCfg = Release|x86
		{D1ABA251-A8B8-4856-81D0-8D23A5478904}.Release|x86.Build.0 = Release|x86
		{210F6932-E683-4EB2-B277-400BCE3A1AB0}.Debug|Any CPU.ActiveCfg = Debug|x86
		{210F6932-E683-4EB2-B277-400BCE3A1AB0}.Debug|Mixed Platforms.ActiveCfg = Debug|x86
		{210F6932-E683-4EB2-B277-400BCE3A1AB0}.Debug|Mixed Platforms.Build.0 = Debug|x86
		{210F6932-E683-4EB2-B277-400BCE3A1AB0}.Debug|x86.ActiveCfg = Debug|x86
		{210F6932-E683-4EB2-B277-400BCE3A1AB0}.Debug|x86.Build.0 = Debug|x86
		{210F6932-E683-4EB2-B277-400BCE3A1AB0}.Release|Any CPU.ActiveCfg = Release|x86
		{210F6932-E683-4EB2-B277-400BCE3A1AB0}.Release|Mixed Platforms.ActiveCfg = Release|x86
		{210F6932-E683-4EB2-B277-400BCE3A1AB0}.Release|Mixed Platforms.Build.0 = Release|x86
		{210F6932-E683-4EB2-B277-400BCE3A1AB0}.Release|x86.ActiveCfg = Release|x86
		{210F6932-E683-4EB2-B277-400BCE3A1AB0}.Release|x86.Build.0 = Release|x86
		{1ED7E0C3-417B-40F0-9950-63886C62E66C}.Debug|Any CPU.ActiveCfg = Debug|x86
		{1ED7E0C3-417B-40F0-9950-63886C62E66C}.Debug|Mixed Platforms.ActiveCfg = Debug|x86
		{1ED7E0C3-417B-40F0-9950-63886C62E66C}.Debug|Mixed Platforms.Build.0 = Debug|x86
		{1ED7E0C3-417B-40F0-9950-63886C62E66C}.Debug|x86.ActiveCfg = Debug|x86
		{1ED7E0C3-417B-40F0-9950-63886C62E66C}.Debug|x86.Build.0 = Debug|x86
		{1ED7E0C3-417B-40F0-9950-63886C62E66C}.Release|Any CPU.ActiveCfg = Release|x86
		{1ED7E0C3-417B-40F0-9950-63886C62E66C}.Release|Mixed Platforms.ActiveCfg = Release|x86
		{1ED7E0C3-417B-40F0-9950-63886C62E66C}.Release|Mixed Platforms.Build.0 = Release|x86
		{1ED7E0C3-417B-40F0-9950-63886C62E66C}.Release|x86.ActiveCfg = Release|x86
		{1ED7E0C3-417B-40F0-9950-63886C62E66C}.Release|x86.Build.0 = Release|x86
		{9A927AAF-2A2E-4AA6-B29B-3A2AE3FFBC57}.Debug|Any CPU.ActiveCfg = Debug|x86
		{9A927AAF-2A2E-4AA6-B29B-3A2AE3FFBC57}.Debug|Mixed Platforms.ActiveCfg = Debug|x86
		{9A927AAF-2A2E-4AA6-B29B-3A2AE3FFBC57}.Debug|Mixed Platforms.Build.0 = Debug|x86
		{9A927AAF-2A2E-4AA6-B29B-3A2AE3FFBC57}.Debug|x86.ActiveCfg = Debug|x86
		{9A927AAF-2A2E-4AA6-B29B-3A2AE3FFBC57}.Debug|x86.Build.0 = Debug|x86
		{9A927AAF-2A2E-4AA6-B29B-3A2AE3FFBC57}.Release|Any CPU.ActiveCfg = Release|x86
		{9A927AAF-2A2E-4AA6-B29B-3A2AE3FFBC57}.Release|Mixed Platforms.ActiveCfg = Release|x86
		{9A927AAF-2A2E-4AA6-B29B-3A2AE3FFBC57}.Release|Mixed Platforms.Build.0 = Release|x86
		{9A927AAF-2A2E-4AA6-B29B-3A2AE3FFBC57}.Release|x86.ActiveCfg = Release|x86
		{9A927AAF-2A2E-4AA6-B29B-3A2AE3FFBC57}.Release|x86.Build.0 = Release|x86
		{3581EBAE-3767-401F-B63B-B8C6B05DD979}.Debug|Any CPU.ActiveCfg = Debug|x86
		{3581EBAE-3767-401F-B63B-B8C6B05DD979}.Debug|Mixed Platforms.ActiveCfg = Debug|x86
		{3581EBAE-3767-401F-B63B-B8C6B05DD979}.Debug|Mixed Platforms.Build.0 = Debug|x86
		{3581EBAE-3767-401F-B63B-B8C6B05DD979}.Debug|x86.ActiveCfg = Debug|x86
		{3581EBAE-3767-401F-B63B-B8C6B05DD979}.Debug|x86.Build.0 = Debug|x86
		{3581EBAE-3767-401F-B63B-B8C6B05DD979}.Release|Any CPU.ActiveCfg = Release|x86
		{3581EBAE-3767-401F-B63B-B8C6B05DD979}.Release|Mixed Platforms.ActiveCfg = Release|x86
		{3581EBAE-3767-401F-B63B-B8C6B05DD979}.Release|Mixed Platforms.Build.0 = Release|x86
		{3581EBAE-3767-401F-B63B-B8C6B05DD979}.Release|x86.ActiveCfg = Release|x86
		{3581EBAE-3767-401F-B63B-B8C6B05DD979}.Release|x86.Build.0 = Release|x86
		{B50E06F2-86DB-4FB2-B8E5-E477AC119D2A}.Debug|Any CPU.ActiveCfg = Debug|x86
		{B50E06F2-86DB-4FB2-B8E5-E477AC119D2A}.Debug|Mixed Platforms.ActiveCfg = Debug|x86
		{B50E06F2-86DB-4FB2-B8E5-E477AC119D2A}.Debug|Mixed Platforms.Build.0 = Debug|x86
		{B50E06F2-86DB-4FB2-B8E5-E477AC119D2A}.Debug|x86.ActiveCfg = Debug|x86
		{B50E06F2-86DB-4FB2-B8E5-E477AC119D2A}.Debug|x86.Build.0 = Debug|x86
		{B50E06F2-86DB-4FB2-B8E5-E477AC119D2A}.Release|Any CPU.ActiveCfg = Release|x86
		{B50E06F2-86DB-4FB2-B8E5-E477AC119D2A}.Release|Mixed Platforms.ActiveCfg = Release|x86
		{B50E06F2-86DB-4FB2-B8E5-E477AC119D2A}.Release|Mixed Platforms.Build.0 = Release|x86
		{B50E06F2-86DB-4FB2-B8E5-E477AC119D2A}.Release|x86.ActiveCfg = Release|x86
		{B50E06F2-86DB-4FB2-B8E5-E477AC119D2A}.Release|x86.Build.0 = Release|x86
		{F5221439-FC08-46D5-BB9C-0119059305A8}.Debug|Any CPU.ActiveCfg = Debug|x86
		{F5221439-FC08-46D5-BB9C-0119059305A8}.Debug|Mixed Platforms.ActiveCfg = Debug|x86
		{F5221439-FC08-46D5-BB9C-0119059305A8}.Debug|Mixed Platforms.Build.0 = Debug|x86
		{F5221439-FC08-46D5-BB9C-0119059305A8}.Debug|x86.ActiveCfg = Debug|x86
		{F5221439-FC08-46D5-BB9C-0119059305A8}.Debug|x86.Build.0 = Debug|x86
		{F5221439-FC08-46D5-BB9C-0119059305A8}.Release|Any CPU.ActiveCfg = Release|x86
		{F5221439-FC08-46D5-BB9C-0119059305A8}.Release|Mixed Platforms.ActiveCfg = Release|x86
		{F5221439-FC08-46D5-BB9C-0119059305A8}.Release|Mixed Platforms.Build.0 = Release|x86
		{F5221439-FC08-46D5-BB9C-0119059305A8}.Release|x86.ActiveCfg = Release|x86
		{F5221439-FC08-46D5-BB9C-0119059305A8}.Release|x86.Build.0 = Release|x86
		{16A1030F-28F8-45CD-AAF3-20145D1F74DF}.Debug|Any CPU.ActiveCfg = Debug|x86
		{16A1030F-28F8-45CD-AAF3-20145D1F74DF}.Debug|Mixed Platforms.ActiveCfg = Debug|x86
		{16A1030F-28F8-45CD-AAF3-20145D1F74DF}.Debug|Mixed Platforms.Build.0 = Debug|x86
		{16A1030F-28F8-45CD-AAF3-20145D1F74DF}.Debug|x86.ActiveCfg = Debug|x86
		{16A1030F-28F8-45CD-AAF3-20145D1F74DF}.Debug|x86.Build.0 = Debug|x86
		{16A1030F-28F8-45CD-AAF3-20145D1F74DF}.Release|Any CPU.ActiveCfg = Release|x86
		{16A1030F-28F8-45CD-AAF3-20145D1F74DF}.Release|Mixed Platforms.ActiveCfg = Release|x86
		{16A1030F-28F8-45CD-AAF3-20145D1F74DF}.Release|Mixed Platforms.Build.0 = Release|x86
		{16A1030F-28F8-45CD-AAF3-20145D1F74DF}.Release|x86.ActiveCfg = Release|x86
		{16A1030F-28F8-45CD-AAF3-20145D1F74DF}.Release|x86.Build.0 = Release|x86
		{47649F12-2D03-473E-BB5C-28EF491543E5}.Debug|Any CPU.ActiveCfg = Debug|x86
		{47649F12-2D03-473E-BB5C-28EF491543E5}.Debug|Mixed Platforms.ActiveCfg = Debug|x86
		{47649F12-2D03-473E-BB5C-28EF491543E5}.Debug|Mixed Platforms.Build.0 = Debug|x86
		{47649F12-2D03-473E-BB5C-28EF491543E5}.Debug|x86.ActiveCfg = Debug|x86
		{47649F12-2D03-473E-BB5C-28EF491543E5}.Debug|x86.Build.0 = Debug|x86
		{47649F12-2D03-473E-BB5C-28EF491543E5}.Release|Any CPU.ActiveCfg = Release|x86
		{47649F12-2D03-473E-BB5C-28EF491543E5}.Release|Mixed Platforms.ActiveCfg = Release|x86
		{47649F12-2D03-473E-BB5C-28EF491543E5}.Release|Mixed Platforms.Build.0 = Release|x86
		{47649F12-2D03-473E-BB5C-28EF491543E5}.Release|x86.ActiveCfg = Release|x86
		{47649F12-2D03-473E-BB5C-28EF491543E5}.Release|x86.Build.0 = Release|x86
		{82569CBF-6A70-4999-8B2C-B274E8DBCED7}.Debug|Any CPU.ActiveCfg = Debug|x86
		{82569CBF-6A70-4999-8B2C-B274E8DBCED7}.Debug|Mixed Platforms.ActiveCfg = Debug|x86
		{82569CBF-6A70-4999-8B2C-B274E8DBCED7}.Debug|Mixed Platforms.Build.0 = Debug|x86
		{82569CBF-6A70-4999-8B2C-B274E8DBCED7}.Debug|x86.ActiveCfg = Debug|x86
		{82569CBF-6A70-4999-8B2C-B274E8DBCED7}.Debug|x86.Build.0 = Debug|x86
		{82569CBF-6A70-4999-8B2C-B274E8DBCED7}.Release|Any CPU.ActiveCfg = Release|x86
		{82569CBF-6A70-4999-8B2C-B274E8DBCED7}.Release|Mixed Platforms.ActiveCfg = Release|x86
		{82569CBF-6A70-4999-8B2C-B274E8DBCED7}.Release|Mixed Platforms.Build.0 = Release|x86
		{82569CBF-6A70-4999-8B2C-B274E8DBCED7}.Release|x86.ActiveCfg = Release|x86
		{82569CBF-6A70-4999-8B2C-B274E8DBCED7}.Release|x86.Build.0 = Release|x86
		{6DAF0C8C-D082-4001-B329-7E41E8D6E073}.Debug|Any CPU.ActiveCfg = Debug|x86
		{6DAF0C8C-D082-4001-B329-7E41E8D6E073}.Debug|Mixed Platforms.ActiveCfg = Debug|x86
		{6DAF0C8C-D082-4001-B329-7E41E8D6E073}.Debug|Mixed Platforms.Build.0 = Debug|x86
		{6DAF0C8C-D082-4001-B329-7E41E8D6E073}.Debug|x86.ActiveCfg = Debug|x86
		{6DAF0C8C-D082-4001-B329-7E41E8D6E073}.Debug|x86.Build.0 = Debug|x86
		{6DAF0C8C-D082-4001-B329-7E41E8D6E073}.Release|Any CPU.ActiveCfg = Release|x86
		{6DAF0C8C-D082-4001-B329-7E41E8D6E073}.Release|Mixed Platforms.ActiveCfg = Release|x86
		{6DAF0C8C-D082-4001-B329-7E41E8D6E073}.Release|Mixed Platforms.Build.0 = Release|x86
		{6DAF0C8C-D082-4001-B329-7E41E8D6E073}.Release|x86.ActiveCfg = Release|x86
		{6DAF0C8C-D082-4001-B329-7E41E8D6E073}.Release|x86.Build.0 = Release|x86
		{AFA1D09A-FC47-43EF-A6D3-AAE6C939C27D}.Debug|Any CPU.ActiveCfg = Debug|x86
		{AFA1D09A-FC47-43EF-A6D3-AAE6C939C27D}.Debug|Mixed Platforms.ActiveCfg = Debug|x86
		{AFA1D09A-FC47-43EF-A6D3-AAE6C939C27D}.Debug|Mixed Platforms.Build.0 = Debug|x86
		{AFA1D09A-FC47-43EF-A6D3-AAE6C939C27D}.Debug|x86.ActiveCfg = Debug|x86
		{AFA1D09A-FC47-43EF-A6D3-AAE6C939C27D}.Debug|x86.Build.0 = Debug|x86
		{AFA1D09A-FC47-43EF-A6D3-AAE6C939C27D}.Release|Any CPU.ActiveCfg = Release|x86
		{AFA1D09A-FC47-43EF-A6D3-AAE6C939C27D}.Release|Mixed Platforms.ActiveCfg = Release|x86
		{AFA1D09A-FC47-43EF-A6D3-AAE6C939C27D}.Release|Mixed Platforms.Build.0 = Release|x86
		{AFA1D09A-FC47-43EF-A6D3-AAE6C939C27D}.Release|x86.ActiveCfg = Release|x86
		{AFA1D09A-FC47-43EF-A6D3-AAE6C939C27D}.Release|x86.Build.0 = Release|x86
		{9A4F6074-0B7D-4AC2-B0A4-6101D4CC131A}.Debug|Any CPU.ActiveCfg = Debug|x86
		{9A4F6074-0B7D-4AC2-B0A4-6101D4CC131A}.Debug|Mixed Platforms.ActiveCfg = Debug|x86
		{9A4F6074-0B7D-4AC2-B0A4-6101D4CC131A}.Debug|Mixed Platforms.Build.0 = Debug|x86
		{9A4F6074-0B7D-4AC2-B0A4-6101D4CC131A}.Debug|x86.ActiveCfg = Debug|x86
		{9A4F6074-0B7D-4AC2-B0A4-6101D4CC131A}.Debug|x86.Build.0 = Debug|x86
		{9A4F6074-0B7D-4AC2-B0A4-6101D4CC131A}.Release|Any CPU.ActiveCfg = Release|x86
		{9A4F6074-0B7D-4AC2-B0A4-6101D4CC131A}.Release|Mixed Platforms.ActiveCfg = Release|x86
		{9A4F6074-0B7D-4AC2-B0A4-6101D4CC131A}.Release|Mixed Platforms.Build.0 = Release|x86
		{9A4F6074-0B7D-4AC2-B0A4-6101D4CC131A}.Release|x86.ActiveCfg = Release|x86
		{9A4F6074-0B7D-4AC2-B0A4-6101D4CC131A}.Release|x86.Build.0 = Release|x86
		{7B551D6E-EF58-41AC-B349-5763C89C2A85}.Debug|Any CPU.ActiveCfg = Debug|x86
		{7B551D6E-EF58-41AC-B349-5763C89C2A85}.Debug|Mixed Platforms.ActiveCfg = Debug|x86
		{7B551D6E-EF58-41AC-B349-5763C89C2A85}.Debug|Mixed Platforms.Build.0 = Debug|x86
		{7B551D6E-EF58-41AC-B349-5763C89C2A85}.Debug|x86.ActiveCfg = Debug|x86
		{7B551D6E-EF58-41AC-B349-5763C89C2A85}.Debug|x86.Build.0 = Debug|x86
		{7B551D6E-EF58-41AC-B349-5763C89C2A85}.Release|Any CPU.ActiveCfg = Release|x86
		{7B551D6E-EF58-41AC-B349-5763C89C2A85}.Release|Mixed Platforms.ActiveCfg = Release|x86
		{7B551D6E-EF58-41AC-B349-5763C89C2A85}.Release|Mixed Platforms.Build.0 = Release|x86
		{7B551D6E-EF58-41AC-B349-5763C89C2A85}.Release|x86.ActiveCfg = Release|x86
		{7B551D6E-EF58-41AC-B349-5763C89C2A85}.Release|x86.Build.0 = Release|x86
		{1437D7DB-44C4-4679-A518-AF4E13E939B3}.Debug|Any CPU.ActiveCfg = Debug|x86
		{1437D7DB-44C4-4679-A518-AF4E13E939B3}.Debug|Mixed Platforms.ActiveCfg = Debug|x86
		{1437D7DB-44C4-4679-A518-AF4E13E939B3}.Debug|Mixed Platforms.Build.0 = Debug|x86
		{1437D7DB-44C4-4679-A518-AF4E13E939B3}.Debug|x86.ActiveCfg = Debug|x86
		{1437D7DB-44C4-4679-A518-AF4E13E939B3}.Debug|x86.Build.0 = Debug|x86
		{1437D7DB-44C4-4679-A518-AF4E13E939B3}.Release|Any CPU.ActiveCfg = Release|x86
		{1437D7DB-44C4-4679-A518-AF4E13E939B3}.Release|Mixed Platforms.ActiveCfg = Release|x86
		{1437D7DB-44C4-4679-A518-AF4E13E939B3}.Release|Mixed Platforms.Build.0 = Release|x86
		{1437D7DB-44C4-4679-A518-AF4E13E939B3}.Release|x86.ActiveCfg = Release|x86
		{1437D7DB-44C4-4679-A518-AF4E13E939B3}.Release|x86.Build.0 = Release|x86
		{DA4E77EC-E3B8-49F7-BDA7-3F66EC839349}.Debug|Any CPU.ActiveCfg = Debug|x86
		{DA4E77EC-E3B8-49F7-BDA7-3F66EC839349}.Debug|Mixed Platforms.ActiveCfg = Debug|x86
		{DA4E77EC-E3B8-49F7-BDA7-3F66EC839349}.Debug|Mixed Platforms.Build.0 = Debug|x86
		{DA4E77EC-E3B8-49F7-BDA7-3F66EC839349}.Debug|x86.ActiveCfg = Debug|x86
		{DA4E77EC-E3B8-49F7-BDA7-3F66EC839349}.Debug|x86.Build.0 = Debug|x86
		{DA4E77EC-E3B8-49F7-BDA7-3F66EC839349}.Release|Any CPU.ActiveCfg = Release|x86
		{DA4E77EC-E3B8-49F7-BDA7-3F66EC839349}.Release|Mixed Platforms.ActiveCfg = Release|x86
		{DA4E77EC-E3B8-49F7-BDA7-3F66EC839349}.Release|Mixed Platforms.Build.0 = Release|x86
		{DA4E77EC-E3B8-49F7-BDA7-3F66EC839349}.Release|x86.ActiveCfg = Release|x86
		{DA4E77EC-E3B8-49F7-BDA7-3F66EC839349}.Release|x86.Build.0 = Release|x86
		{AEABD0D2-C120-4504-BF79-CBDB499869BC}.Debug|Any CPU.ActiveCfg = Debug|x86
		{AEABD0D2-C120-4504-BF79-CBDB499869BC}.Debug|Mixed Platforms.ActiveCfg = Debug|x86
		{AEABD0D2-C120-4504-BF79-CBDB499869BC}.Debug|Mixed Platforms.Build.0 = Debug|x86
		{AEABD0D2-C120-4504-BF79-CBDB499869BC}.Debug|x86.ActiveCfg = Debug|x86
		{AEABD0D2-C120-4504-BF79-CBDB499869BC}.Debug|x86.Build.0 = Debug|x86
		{AEABD0D2-C120-4504-BF79-CBDB499869BC}.Release|Any CPU.ActiveCfg = Release|x86
		{AEABD0D2-C120-4504-BF79-CBDB499869BC}.Release|Mixed Platforms.ActiveCfg = Release|x86
		{AEABD0D2-C120-4504-BF79-CBDB499869BC}.Release|Mixed Platforms.Build.0 = Release|x86
		{AEABD0D2-C120-4504-BF79-CBDB499869BC}.Release|x86.ActiveCfg = Release|x86
		{AEABD0D2-C120-4504-BF79-CBDB499869BC}.Release|x86.Build.0 = Release|x86
		{66F77770-D1F2-4977-B57B-969502197E20}.Debug|Any CPU.ActiveCfg = Debug|x86
		{66F77770-D1F2-4977-B57B-969502197E20}.Debug|Mixed Platforms.ActiveCfg = Debug|x86
		{66F77770-D1F2-4977-B57B-969502197E20}.Debug|Mixed Platforms.Build.0 = Debug|x86
		{66F77770-D1F2-4977-B57B-969502197E20}.Debug|x86.ActiveCfg = Debug|x86
		{66F77770-D1F2-4977-B57B-969502197E20}.Debug|x86.Build.0 = Debug|x86
		{66F77770-D1F2-4977-B57B-969502197E20}.Release|Any CPU.ActiveCfg = Release|x86
		{66F77770-D1F2-4977-B57B-969502197E20}.Release|Mixed Platforms.ActiveCfg = Release|x86
		{66F77770-D1F2-4977-B57B-969502197E20}.Release|Mixed Platforms.Build.0 = Release|x86
		{66F77770-D1F2-4977-B57B-969502197E20}.Release|x86.ActiveCfg = Release|x86
		{66F77770-D1F2-4977-B57B-969502197E20}.Release|x86.Build.0 = Release|x86
		{12624107-8B70-46F7-8D1B-102874E42A4E}.Debug|Any CPU.ActiveCfg = Debug|x86
		{12624107-8B70-46F7-8D1B-102874E42A4E}.Debug|Mixed Platforms.ActiveCfg = Debug|x86
		{12624107-8B70-46F7-8D1B-102874E42A4E}.Debug|Mixed Platforms.Build.0 = Debug|x86
		{12624107-8B70-46F7-8D1B-102874E42A4E}.Debug|x86.ActiveCfg = Debug|x86
		{12624107-8B70-46F7-8D1B-102874E42A4E}.Debug|x86.Build.0 = Debug|x86
		{12624107-8B70-46F7-8D1B-102874E42A4E}.Release|Any CPU.ActiveCfg = Release|x86
		{12624107-8B70-46F7-8D1B-102874E42A4E}.Release|Mixed Platforms.ActiveCfg = Release|x86
		{12624107-8B70-46F7-8D1B-102874E42A4E}.Release|Mixed Platforms.Build.0 = Release|x86
		{12624107-8B70-46F7-8D1B-102874E42A4E}.Release|x86.ActiveCfg = Release|x86
		{12624107-8B70-46F7-8D1B-102874E42A4E}.Release|x86.Build.0 = Release|x86
		{B3F6DEED-88DB-4A1E-8653-EC325C6AD725}.Debug|Any CPU.ActiveCfg = Debug|Any CPU
		{B3F6DEED-88DB-4A1E-8653-EC325C6AD725}.Debug|Any CPU.Build.0 = Debug|Any CPU
		{B3F6DEED-88DB-4A1E-8653-EC325C6AD725}.Debug|Mixed Platforms.ActiveCfg = Debug|Any CPU
		{B3F6DEED-88DB-4A1E-8653-EC325C6AD725}.Debug|Mixed Platforms.Build.0 = Debug|Any CPU
		{B3F6DEED-88DB-4A1E-8653-EC325C6AD725}.Debug|x86.ActiveCfg = Debug|Any CPU
		{B3F6DEED-88DB-4A1E-8653-EC325C6AD725}.Release|Any CPU.ActiveCfg = Release|Any CPU
		{B3F6DEED-88DB-4A1E-8653-EC325C6AD725}.Release|Any CPU.Build.0 = Release|Any CPU
		{B3F6DEED-88DB-4A1E-8653-EC325C6AD725}.Release|Mixed Platforms.ActiveCfg = Release|Any CPU
		{B3F6DEED-88DB-4A1E-8653-EC325C6AD725}.Release|Mixed Platforms.Build.0 = Release|Any CPU
		{B3F6DEED-88DB-4A1E-8653-EC325C6AD725}.Release|x86.ActiveCfg = Release|Any CPU
		{EFF991BE-A2F6-4B95-8B6D-4DB4B0E95D06}.Debug|Any CPU.ActiveCfg = Debug|x86
		{EFF991BE-A2F6-4B95-8B6D-4DB4B0E95D06}.Debug|Mixed Platforms.ActiveCfg = Debug|x86
		{EFF991BE-A2F6-4B95-8B6D-4DB4B0E95D06}.Debug|x86.ActiveCfg = Debug|x86
		{EFF991BE-A2F6-4B95-8B6D-4DB4B0E95D06}.Release|Any CPU.ActiveCfg = Release|x86
		{EFF991BE-A2F6-4B95-8B6D-4DB4B0E95D06}.Release|Mixed Platforms.ActiveCfg = Release|x86
		{EFF991BE-A2F6-4B95-8B6D-4DB4B0E95D06}.Release|x86.ActiveCfg = Release|x86
		{10AAE9BE-4935-4187-80B1-2A226E476706}.Debug|Any CPU.ActiveCfg = Debug|x86
		{10AAE9BE-4935-4187-80B1-2A226E476706}.Debug|Mixed Platforms.ActiveCfg = Debug|x86
		{10AAE9BE-4935-4187-80B1-2A226E476706}.Debug|x86.ActiveCfg = Debug|x86
		{10AAE9BE-4935-4187-80B1-2A226E476706}.Release|Any CPU.ActiveCfg = Release|x86
		{10AAE9BE-4935-4187-80B1-2A226E476706}.Release|Mixed Platforms.ActiveCfg = Release|x86
		{10AAE9BE-4935-4187-80B1-2A226E476706}.Release|x86.ActiveCfg = Release|x86
		{A663FC0C-C17A-4F9A-8A1E-D51231EE0B04}.Debug|Any CPU.ActiveCfg = Debug|x86
		{A663FC0C-C17A-4F9A-8A1E-D51231EE0B04}.Debug|Mixed Platforms.ActiveCfg = Debug|x86
		{A663FC0C-C17A-4F9A-8A1E-D51231EE0B04}.Debug|x86.ActiveCfg = Debug|x86
		{A663FC0C-C17A-4F9A-8A1E-D51231EE0B04}.Release|Any CPU.ActiveCfg = Release|x86
		{A663FC0C-C17A-4F9A-8A1E-D51231EE0B04}.Release|Mixed Platforms.ActiveCfg = Release|x86
		{A663FC0C-C17A-4F9A-8A1E-D51231EE0B04}.Release|x86.ActiveCfg = Release|x86
		{F1438E32-40BA-420F-B601-8C9A4698B2FE}.Debug|Any CPU.ActiveCfg = Debug|x86
		{F1438E32-40BA-420F-B601-8C9A4698B2FE}.Debug|Mixed Platforms.ActiveCfg = Debug|x86
		{F1438E32-40BA-420F-B601-8C9A4698B2FE}.Debug|x86.ActiveCfg = Debug|x86
		{F1438E32-40BA-420F-B601-8C9A4698B2FE}.Release|Any CPU.ActiveCfg = Release|x86
		{F1438E32-40BA-420F-B601-8C9A4698B2FE}.Release|Mixed Platforms.ActiveCfg = Release|x86
		{F1438E32-40BA-420F-B601-8C9A4698B2FE}.Release|x86.ActiveCfg = Release|x86
		{4020941F-0367-42DE-B1CF-75531DF3233F}.Debug|Any CPU.ActiveCfg = Debug|x86
		{4020941F-0367-42DE-B1CF-75531DF3233F}.Debug|Mixed Platforms.ActiveCfg = Debug|x86
		{4020941F-0367-42DE-B1CF-75531DF3233F}.Debug|x86.ActiveCfg = Debug|x86
		{4020941F-0367-42DE-B1CF-75531DF3233F}.Release|Any CPU.ActiveCfg = Release|x86
		{4020941F-0367-42DE-B1CF-75531DF3233F}.Release|Mixed Platforms.ActiveCfg = Release|x86
		{4020941F-0367-42DE-B1CF-75531DF3233F}.Release|x86.ActiveCfg = Release|x86
		{C93EC368-BCF8-43A7-B30A-96166A276B1A}.Debug|Any CPU.ActiveCfg = Debug|x86
		{C93EC368-BCF8-43A7-B30A-96166A276B1A}.Debug|Mixed Platforms.ActiveCfg = Debug|x86
		{C93EC368-BCF8-43A7-B30A-96166A276B1A}.Debug|x86.ActiveCfg = Debug|x86
		{C93EC368-BCF8-43A7-B30A-96166A276B1A}.Release|Any CPU.ActiveCfg = Release|x86
		{C93EC368-BCF8-43A7-B30A-96166A276B1A}.Release|Mixed Platforms.ActiveCfg = Release|x86
		{C93EC368-BCF8-43A7-B30A-96166A276B1A}.Release|x86.ActiveCfg = Release|x86
	EndGlobalSection
	GlobalSection(SolutionProperties) = preSolution
		HideSolutionNode = FALSE
	EndGlobalSection
EndGlobal
